{
  "lockfileVersion": 1,
  "configVersion": 1,
  "workspaces": {
    "": {
      "name": "budget",
      "dependencies": {
<<<<<<< HEAD
        "@types/ejs": "^3.1.5",
        "alpinejs": "^3.15.11",
        "dotenv": "^17.3.1",
        "ejs": "^5.0.1",
=======
        "dotenv": "^17.3.1",
>>>>>>> main
        "uuid": "^13.0.0",
      },
      "devDependencies": {
        "@types/bun": "^1.3.9",
      },
      "peerDependencies": {
        "typescript": "^5.9.3",
      },
    },
  },
  "packages": {
    "@types/bun": ["@types/bun@1.3.11", "", { "dependencies": { "bun-types": "1.3.11" } }, "sha512-5vPne5QvtpjGpsGYXiFyycfpDF2ECyPcTSsFBMa0fraoxiQyMJ3SmuQIGhzPg2WJuWxVBoxWJ2kClYTcw/4fAg=="],

    "@types/ejs": ["@types/ejs@3.1.5", "", {}, "sha512-nv+GSx77ZtXiJzwKdsASqi+YQ5Z7vwHsTP0JY2SiQgjGckkBRKZnk8nIM+7oUZ1VCtuTz0+By4qVR7fqzp/Dfg=="],

    "@types/node": ["@types/node@25.2.1", "", { "dependencies": { "undici-types": "~7.16.0" } }, "sha512-CPrnr8voK8vC6eEtyRzvMpgp3VyVRhgclonE7qYi6P9sXwYb59ucfrnmFBTaP0yUi8Gk4yZg/LlTJULGxvTNsg=="],

    "@vue/reactivity": ["@vue/reactivity@3.1.5", "", { "dependencies": { "@vue/shared": "3.1.5" } }, "sha512-1tdfLmNjWG6t/CsPldh+foumYFo3cpyCHgBYQ34ylaMsJ+SNHQ1kApMIa8jN+i593zQuaw3AdWH0nJTARzCFhg=="],

    "@vue/shared": ["@vue/shared@3.1.5", "", {}, "sha512-oJ4F3TnvpXaQwZJNF3ZK+kLPHKarDmJjJ6jyzVNDKH9md1dptjC7lWR//jrGuLdek/U6iltWxqAnYOu8gCiOvA=="],

    "alpinejs": ["alpinejs@3.15.11", "", { "dependencies": { "@vue/reactivity": "~3.1.1" } }, "sha512-m26gkTg/MId8O+F4jHKK3vB3SjbFxxk/JHP+qzmw1H6aQrZuPAg4CUoAefnASzzp/eNroBjrRQe7950bNeaBJw=="],

    "bun-types": ["bun-types@1.3.11", "", { "dependencies": { "@types/node": "*" } }, "sha512-1KGPpoxQWl9f6wcZh57LvrPIInQMn2TQ7jsgxqpRzg+l0QPOFvJVH7HmvHo/AiPgwXy+/Thf6Ov3EdVn1vOabg=="],

    "dotenv": ["dotenv@17.4.1", "", {}, "sha512-k8DaKGP6r1G30Lx8V4+pCsLzKr8vLmV2paqEj1Y55GdAgJuIqpRp5FfajGF8KtwMxCz9qJc6wUIJnm053d/WCw=="],

    "ejs": ["ejs@5.0.1", "", { "bin": { "ejs": "bin/cli.js" } }, "sha512-COqBPFMxuPTPspXl2DkVYaDS3HtrD1GpzOGkNTJ1IYkifq/r9h8SVEFrjA3D9/VJGOEoMQcrlhpntcSUrM8k6A=="],

    "dotenv": ["dotenv@17.3.1", "", {}, "sha512-IO8C/dzEb6O3F9/twg6ZLXz164a2fhTnEWb95H23Dm4OuN+92NmEAlTrupP9VW6Jm3sO26tQlqyvyi4CsnY9GA=="],

    "typescript": ["typescript@5.9.3", "", { "bin": { "tsc": "bin/tsc", "tsserver": "bin/tsserver" } }, "sha512-jl1vZzPDinLr9eUt3J/t7V6FgNEw9QjvBPdysz9KfQDD41fQrC2Y4vKQdiaUpFT4bXlb1RHhLpp8wtm6M5TgSw=="],

    "undici-types": ["undici-types@7.16.0", "", {}, "sha512-Zz+aZWSj8LE6zoxD+xrjh4VfkIG8Ya6LvYkZqtUQGJPZjYl53ypCaUwWqo7eI0x66KBGeRo+mlBEkMSeSZ38Nw=="],

    "uuid": ["uuid@13.0.0", "", { "bin": { "uuid": "dist-node/bin/uuid" } }, "sha512-XQegIaBTVUjSHliKqcnFqYypAd4S+WCYt5NIeRs6w/UAry7z8Y9j5ZwRRL4kzq9U3sD6v+85er9FvkEaBpji2w=="],
  }
}
